// !$*UTF8*$!
{
	archiveVersion = 1;
	classes = {
	};
	objectVersion = 46;
	objects = {

/* Begin PBXBuildFile section */
		69840A5B1E38E6B600BF5443 /* AppDelegate.swift in Sources */ = {isa = PBXBuildFile; fileRef = 69840A5A1E38E6B600BF5443 /* AppDelegate.swift */; };
		69840A5D1E38E6B600BF5443 /* ViewController.swift in Sources */ = {isa = PBXBuildFile; fileRef = 69840A5C1E38E6B600BF5443 /* ViewController.swift */; };
		69840A601E38E6B600BF5443 /* Main.storyboard in Resources */ = {isa = PBXBuildFile; fileRef = 69840A5E1E38E6B600BF5443 /* Main.storyboard */; };
		69840A621E38E6B600BF5443 /* Images.xcassets in Resources */ = {isa = PBXBuildFile; fileRef = 69840A611E38E6B600BF5443 /* Images.xcassets */; };
		69840A651E38E6B600BF5443 /* LaunchScreen.xib in Resources */ = {isa = PBXBuildFile; fileRef = 69840A631E38E6B600BF5443 /* LaunchScreen.xib */; };
		69840A711E38E6B700BF5443 /* Mirra_MirraTests.swift in Sources */ = {isa = PBXBuildFile; fileRef = 69840A701E38E6B700BF5443 /* Mirra_MirraTests.swift */; };
/* End PBXBuildFile section */

/* Begin PBXContainerItemProxy section */
		69840A6B1E38E6B600BF5443 /* PBXContainerItemProxy */ = {
			isa = PBXContainerItemProxy;
			containerPortal = 69840A4D1E38E6B600BF5443 /* Project object */;
			proxyType = 1;
			remoteGlobalIDString = 69840A541E38E6B600BF5443;
			remoteInfo = "Mirra Mirra";
		};
/* End PBXContainerItemProxy section */

/* Begin PBXFileReference section */
		69840A551E38E6B600BF5443 /* Mirra Mirra.app */ = {isa = PBXFileReference; explicitFileType = wrapper.application; includeInIndex = 0; path = "Mirra Mirra.app"; sourceTree = BUILT_PRODUCTS_DIR; };
		69840A591E38E6B600BF5443 /* Info.plist */ = {isa = PBXFileReference; lastKnownFileType = text.plist.xml; path = Info.plist; sourceTree = "<group>"; };
		69840A5A1E38E6B600BF5443 /* AppDelegate.swift */ = {isa = PBXFileReference; lastKnownFileType = sourcecode.swift; path = AppDelegate.swift; sourceTree = "<group>"; };
		69840A5C1E38E6B600BF5443 /* ViewController.swift */ = {isa = PBXFileReference; lastKnownFileType = sourcecode.swift; path = ViewController.swift; sourceTree = "<group>"; };
		69840A5F1E38E6B600BF5443 /* Base */ = {isa = PBXFileReference; lastKnownFileType = file.storyboard; name = Base; path = Base.lproj/Main.storyboard; sourceTree = "<group>"; };
		69840A611E38E6B600BF5443 /* Images.xcassets */ = {isa = PBXFileReference; lastKnownFileType = folder.assetcatalog; path = Images.xcassets; sourceTree = "<group>"; };
		69840A641E38E6B600BF5443 /* Base */ = {isa = PBXFileReference; lastKnownFileType = file.xib; name = Base; path = Base.lproj/LaunchScreen.xib; sourceTree = "<group>"; };
		69840A6A1E38E6B600BF5443 /* Mirra MirraTests.xctest */ = {isa = PBXFileReference; explicitFileType = wrapper.cfbundle; includeInIndex = 0; path = "Mirra MirraTests.xctest"; sourceTree = BUILT_PRODUCTS_DIR; };
		69840A6F1E38E6B700BF5443 /* Info.plist */ = {isa = PBXFileReference; lastKnownFileType = text.plist.xml; path = Info.plist; sourceTree = "<group>"; };
		69840A701E38E6B700BF5443 /* Mirra_MirraTests.swift */ = {isa = PBXFileReference; lastKnownFileType = sourcecode.swift; path = Mirra_MirraTests.swift; sourceTree = "<group>"; };
/* End PBXFileReference section */

/* Begin PBXFrameworksBuildPhase section */
		69840A521E38E6B600BF5443 /* Frameworks */ = {
			isa = PBXFrameworksBuildPhase;
			buildActionMask = 2147483647;
			files = (
			);
			runOnlyForDeploymentPostprocessing = 0;
		};
		69840A671E38E6B600BF5443 /* Frameworks */ = {
			isa = PBXFrameworksBuildPhase;
			buildActionMask = 2147483647;
			files = (
			);
			runOnlyForDeploymentPostprocessing = 0;
		};
/* End PBXFrameworksBuildPhase section */

/* Begin PBXGroup section */
		69840A4C1E38E6B600BF5443 = {
			isa = PBXGroup;
			children = (
				69840A571E38E6B600BF5443 /* Mirra Mirra */,
				69840A6D1E38E6B700BF5443 /* Mirra MirraTests */,
				69840A561E38E6B600BF5443 /* Products */,
			);
			sourceTree = "<group>";
		};
		69840A561E38E6B600BF5443 /* Products */ = {
			isa = PBXGroup;
			children = (
				69840A551E38E6B600BF5443 /* Mirra Mirra.app */,
				69840A6A1E38E6B600BF5443 /* Mirra MirraTests.xctest */,
			);
			name = Products;
			sourceTree = "<group>";
		};
		69840A571E38E6B600BF5443 /* Mirra Mirra */ = {
			isa = PBXGroup;
			children = (
				69840A5A1E38E6B600BF5443 /* AppDelegate.swift */,
				69840A5C1E38E6B600BF5443 /* ViewController.swift */,
				69840A5E1E38E6B600BF5443 /* Main.storyboard */,
				69840A611E38E6B600BF5443 /* Images.xcassets */,
				69840A631E38E6B600BF5443 /* LaunchScreen.xib */,
				69840A581E38E6B600BF5443 /* Supporting Files */,
			);
			path = "Mirra Mirra";
			sourceTree = "<group>";
		};
		69840A581E38E6B600BF5443 /* Supporting Files */ = {
			isa = PBXGroup;
			children = (
				69840A591E38E6B600BF5443 /* Info.plist */,
			);
			name = "Supporting Files";
			sourceTree = "<group>";
		};
		69840A6D1E38E6B700BF5443 /* Mirra MirraTests */ = {
			isa = PBXGroup;
			children = (
				69840A701E38E6B700BF5443 /* Mirra_MirraTests.swift */,
				69840A6E1E38E6B700BF5443 /* Supporting Files */,
			);
			path = "Mirra MirraTests";
			sourceTree = "<group>";
		};
		69840A6E1E38E6B700BF5443 /* Supporting Files */ = {
			isa = PBXGroup;
			children = (
				69840A6F1E38E6B700BF5443 /* Info.plist */,
			);
			name = "Supporting Files";
			sourceTree = "<group>";
		};
/* End PBXGroup section */

/* Begin PBXNativeTarget section */
		69840A541E38E6B600BF5443 /* Mirra Mirra */ = {
			isa = PBXNativeTarget;
			buildConfigurationList = 69840A741E38E6B700BF5443 /* Build configuration list for PBXNativeTarget "Mirra Mirra" */;
			buildPhases = (
				69840A511E38E6B600BF5443 /* Sources */,
				69840A521E38E6B600BF5443 /* Frameworks */,
				69840A531E38E6B600BF5443 /* Resources */,
			);
			buildRules = (
			);
			dependencies = (
			);
			name = "Mirra Mirra";
			productName = "Mirra Mirra";
			productReference = 69840A551E38E6B600BF5443 /* Mirra Mirra.app */;
			productType = "com.apple.product-type.application";
		};
		69840A691E38E6B600BF5443 /* Mirra MirraTests */ = {
			isa = PBXNativeTarget;
			buildConfigurationList = 69840A771E38E6B700BF5443 /* Build configuration list for PBXNativeTarget "Mirra MirraTests" */;
			buildPhases = (
				69840A661E38E6B600BF5443 /* Sources */,
				69840A671E38E6B600BF5443 /* Frameworks */,
				69840A681E38E6B600BF5443 /* Resources */,
			);
			buildRules = (
			);
			dependencies = (
				69840A6C1E38E6B600BF5443 /* PBXTargetDependency */,
			);
			name = "Mirra MirraTests";
			productName = "Mirra MirraTests";
			productReference = 69840A6A1E38E6B600BF5443 /* Mirra MirraTests.xctest */;
			productType = "com.apple.product-type.bundle.unit-test";
		};
/* End PBXNativeTarget section */

/* Begin PBXProject section */
		69840A4D1E38E6B600BF5443 /* Project object */ = {
			isa = PBXProject;
			attributes = {
				LastUpgradeCheck = 0620;
				ORGANIZATIONNAME = "Trevor Lazarus";
				TargetAttributes = {
					69840A541E38E6B600BF5443 = {
						CreatedOnToolsVersion = 6.2;
					};
					69840A691E38E6B600BF5443 = {
						CreatedOnToolsVersion = 6.2;
						TestTargetID = 69840A541E38E6B600BF5443;
					};
				};
			};
			buildConfigurationList = 69840A501E38E6B600BF5443 /* Build configuration list for PBXProject "Mirra Mirra" */;
			compatibilityVersion = "Xcode 3.2";
			developmentRegion = English;
			hasScannedForEncodings = 0;
			knownRegions = (
				en,
				Base,
			);
			mainGroup = 69840A4C1E38E6B600BF5443;
			productRefGroup = 69840A561E38E6B600BF5443 /* Products */;
			projectDirPath = "";
			projectRoot = "";
			targets = (
				69840A541E38E6B600BF5443 /* Mirra Mirra */,
				69840A691E38E6B600BF5443 /* Mirra MirraTests */,
			);
		};
/* End PBXProject section */

/* Begin PBXResourcesBuildPhase section */
		69840A531E38E6B600BF5443 /* Resources */ = {
			isa = PBXResourcesBuildPhase;
			buildActionMask = 2147483647;
			files = (
				69840A601E38E6B600BF5443 /* Main.storyboard in Resources */,
				69840A651E38E6B600BF5443 /* LaunchScreen.xib in Resources */,
				69840A621E38E6B600BF5443 /* Images.xcassets in Resources */,
			);
			runOnlyForDeploymentPostprocessing = 0;
		};
		69840A681E38E6B600BF5443 /* Resources */ = {
			isa = PBXResourcesBuildPhase;
			buildActionMask = 2147483647;
			files = (
			);
			runOnlyForDeploymentPostprocessing = 0;
		};
/* End PBXResourcesBuildPhase section */

/* Begin PBXSourcesBuildPhase section */
		69840A511E38E6B600BF5443 /* Sources */ = {
			isa = PBXSourcesBuildPhase;
			buildActionMask = 2147483647;
			files = (
				69840A5D1E38E6B600BF5443 /* ViewController.swift in Sources */,
				69840A5B1E38E6B600BF5443 /* AppDelegate.swift in Sources */,
			);
			runOnlyForDeploymentPostprocessing = 0;
		};
		69840A661E38E6B600BF5443 /* Sources */ = {
			isa = PBXSourcesBuildPhase;
			buildActionMask = 2147483647;
			files = (
				69840A711E38E6B700BF5443 /* Mirra_MirraTests.swift in Sources */,
			);
			runOnlyForDeploymentPostprocessing = 0;
		};
/* End PBXSourcesBuildPhase section */

/* Begin PBXTargetDependency section */
		69840A6C1E38E6B600BF5443 /* PBXTargetDependency */ = {
			isa = PBXTargetDependency;
			target = 69840A541E38E6B600BF5443 /* Mirra Mirra */;
			targetProxy = 69840A6B1E38E6B600BF5443 /* PBXContainerItemProxy */;
		};
/* End PBXTargetDependency section */

/* Begin PBXVariantGroup section */
		69840A5E1E38E6B600BF5443 /* Main.storyboard */ = {
			isa = PBXVariantGroup;
			children = (
				69840A5F1E38E6B600BF5443 /* Base */,
			);
			name = Main.storyboard;
			sourceTree = "<group>";
		};
		69840A631E38E6B600BF5443 /* LaunchScreen.xib */ = {
			isa = PBXVariantGroup;
			children = (
				69840A641E38E6B600BF5443 /* Base */,
			);
			name = LaunchScreen.xib;
			sourceTree = "<group>";
		};
/* End PBXVariantGroup section */

/* Begin XCBuildConfiguration section */
		69840A721E38E6B700BF5443 /* Debug */ = {
			isa = XCBuildConfiguration;
			buildSettings = {
				ALWAYS_SEARCH_USER_PATHS = NO;
				CLANG_CXX_LANGUAGE_STANDARD = "gnu++0x";
				CLANG_CXX_LIBRARY = "libc++";
				CLANG_ENABLE_MODULES = YES;
				CLANG_ENABLE_OBJC_ARC = YES;
				CLANG_WARN_BOOL_CONVERSION = YES;
				CLANG_WARN_CONSTANT_CONVERSION = YES;
				CLANG_WARN_DIRECT_OBJC_ISA_USAGE = YES_ERROR;
				CLANG_WARN_EMPTY_BODY = YES;
				CLANG_WARN_ENUM_CONVERSION = YES;
				CLANG_WARN_INT_CONVERSION = YES;
				CLANG_WARN_OBJC_ROOT_CLASS = YES_ERROR;
				CLANG_WARN_UNREACHABLE_CODE = YES;
				CLANG_WARN__DUPLICATE_METHOD_MATCH = YES;
				"CODE_SIGN_IDENTITY[sdk=iphoneos*]" = "iPhone Developer";
				COPY_PHASE_STRIP = NO;
				ENABLE_STRICT_OBJC_MSGSEND = YES;
				GCC_C_LANGUAGE_STANDARD = gnu99;
				GCC_DYNAMIC_NO_PIC = NO;
				GCC_OPTIMIZATION_LEVEL = 0;
				GCC_PREPROCESSOR_DEFINITIONS = (
					"DEBUG=1",
					"$(inherited)",
				);
				GCC_SYMBOLS_PRIVATE_EXTERN = NO;
				GCC_WARN_64_TO_32_BIT_CONVERSION = YES;
				GCC_WARN_ABOUT_RETURN_TYPE = YES_ERROR;
				GCC_WARN_UNDECLARED_SELECTOR = YES;
				GCC_WARN_UNINITIALIZED_AUTOS = YES_AGGRESSIVE;
				GCC_WARN_UNUSED_FUNCTION = YES;
				GCC_WARN_UNUSED_VARIABLE = YES;
				IPHONEOS_DEPLOYMENT_TARGET = 8.2;
				MTL_ENABLE_DEBUG_INFO = YES;
				ONLY_ACTIVE_ARCH = YES;
				SDKROOT = iphoneos;
				SWIFT_OPTIMIZATION_LEVEL = "-Onone";
				TARGETED_DEVICE_FAMILY = "1,2";
			};
			name = Debug;
		};
		69840A731E38E6B700BF5443 /* Release */ = {
			isa = XCBuildConfiguration;
			buildSettings = {
				ALWAYS_SEARCH_USER_PATHS = NO;
				CLANG_CXX_LANGUAGE_STANDARD = "gnu++0x";
				CLANG_CXX_LIBRARY = "libc++";
				CLANG_ENABLE_MODULES = YES;
				CLANG_ENABLE_OBJC_ARC = YES;
				CLANG_WARN_BOOL_CONVERSION = YES;
				CLANG_WARN_CONSTANT_CONVERSION = YES;
				CLANG_WARN_DIRECT_OBJC_ISA_USAGE = YES_ERROR;
				CLANG_WARN_EMPTY_BODY = YES;
				CLANG_WARN_ENUM_CONVERSION = YES;
				CLANG_WARN_INT_CONVERSION = YES;
				CLANG_WARN_OBJC_ROOT_CLASS = YES_ERROR;
				CLANG_WARN_UNREACHABLE_CODE = YES;
				CLANG_WARN__DUPLICATE_METHOD_MATCH = YES;
				"CODE_SIGN_IDENTITY[sdk=iphoneos*]" = "iPhone Developer";
				COPY_PHASE_STRIP = NO;
				ENABLE_NS_ASSERTIONS = NO;
				ENABLE_STRICT_OBJC_MSGSEND = YES;
				GCC_C_LANGUAGE_STANDARD = gnu99;
				GCC_WARN_64_TO_32_BIT_CONVERSION = YES;
				GCC_WARN_ABOUT_RETURN_TYPE = YES_ERROR;
				GCC_WARN_UNDECLARED_SELECTOR = YES;
				GCC_WARN_UNINITIALIZED_AUTOS = YES_AGGRESSIVE;
				GCC_WARN_UNUSED_FUNCTION = YES;
				GCC_WARN_UNUSED_VARIABLE = YES;
				IPHONEOS_DEPLOYMENT_TARGET = 8.2;
				MTL_ENABLE_DEBUG_INFO = NO;
				SDKROOT = iphoneos;
				TARGETED_DEVICE_FAMILY = "1,2";
				VALIDATE_PRODUCT = YES;
			};
			name = Release;
		};
		69840A751E38E6B700BF5443 /* Debug */ = {
			isa = XCBuildConfiguration;
			buildSettings = {
				ASSETCATALOG_COMPILER_APPICON_NAME = AppIcon;
				INFOPLIST_FILE = "Mirra Mirra/Info.plist";
				LD_RUNPATH_SEARCH_PATHS = "$(inherited) @executable_path/Frameworks";
				PRODUCT_NAME = "$(TARGET_NAME)";
			};
			name = Debug;
		};
		69840A761E38E6B700BF5443 /* Release */ = {
			isa = XCBuildConfiguration;
			buildSettings = {
				ASSETCATALOG_COMPILER_APPICON_NAME = AppIcon;
				INFOPLIST_FILE = "Mirra Mirra/Info.plist";
				LD_RUNPATH_SEARCH_PATHS = "$(inherited) @executable_path/Frameworks";
				PRODUCT_NAME = "$(TARGET_NAME)";
			};
			name = Release;
		};
		69840A781E38E6B700BF5443 /* Debug */ = {
			isa = XCBuildConfiguration;
			buildSettings = {
				BUNDLE_LOADER = "$(TEST_HOST)";
				FRAMEWORK_SEARCH_PATHS = (
					"$(SDKROOT)/Developer/Library/Frameworks",
					"$(inherited)",
				);
				GCC_PREPROCESSOR_DEFINITIONS = (
					"DEBUG=1",
					"$(inherited)",
				);
				INFOPLIST_FILE = "Mirra MirraTests/Info.plist";
				LD_RUNPATH_SEARCH_PATHS = "$(inherited) @executable_path/Frameworks @loader_path/Frameworks";
				PRODUCT_NAME = "$(TARGET_NAME)";
				TEST_HOST = "$(BUILT_PRODUCTS_DIR)/Mirra Mirra.app/Mirra Mirra";
			};
			name = Debug;
		};
		69840A791E38E6B700BF5443 /* Release */ = {
			isa = XCBuildConfiguration;
			buildSettings = {
				BUNDLE_LOADER = "$(TEST_HOST)";
				FRAMEWORK_SEARCH_PATHS = (
					"$(SDKROOT)/Developer/Library/Frameworks",
					"$(inherited)",
				);
				INFOPLIST_FILE = "Mirra MirraTests/Info.plist";
				LD_RUNPATH_SEARCH_PATHS = "$(inherited) @executable_path/Frameworks @loader_path/Frameworks";
				PRODUCT_NAME = "$(TARGET_NAME)";
				TEST_HOST = "$(BUILT_PRODUCTS_DIR)/Mirra Mirra.app/Mirra Mirra";
			};
			name = Release;
		};
/* End XCBuildConfiguration section */

/* Begin XCConfigurationList section */
		69840A501E38E6B600BF5443 /* Build configuration list for PBXProject "Mirra Mirra" */ = {
			isa = XCConfigurationList;
			buildConfigurations = (
				69840A721E38E6B700BF5443 /* Debug */,
				69840A731E38E6B700BF5443 /* Release */,
			);
			defaultConfigurationIsVisible = 0;
			defaultConfigurationName = Release;
		};
		69840A741E38E6B700BF5443 /* Build configuration list for PBXNativeTarget "Mirra Mirra" */ = {
			isa = XCConfigurationList;
			buildConfigurations = (
				69840A751E38E6B700BF5443 /* Debug */,
				69840A761E38E6B700BF5443 /* Release */,
			);
			defaultConfigurationIsVisible = 0;
		};
		69840A771E38E6B700BF5443 /* Build configuration list for PBXNativeTarget "Mirra MirraTests" */ = {
			isa = XCConfigurationList;
			buildConfigurations = (
				69840A781E38E6B700BF5443 /* Debug */,
				69840A791E38E6B700BF5443 /* Release */,
			);
			defaultConfigurationIsVisible = 0;
		};
/* End XCConfigurationList section */
	};
	rootObject = 69840A4D1E38E6B600BF5443 /* Project object */;
}
